// !$*UTF8*$!
{
	archiveVersion = 1;
	classes = {
	};
	objectVersion = 48;
	objects = {

/* Begin PBXBuildFile section */
		0F066C701FA33C7500F713E9 /* Dependencies.swift in Sources */ = {isa = PBXBuildFile; fileRef = 0F066C6F1FA33C7500F713E9 /* Dependencies.swift */; };
		0F066C721FA33D9600F713E9 /* Optional.swift in Sources */ = {isa = PBXBuildFile; fileRef = 0F066C711FA33D9500F713E9 /* Optional.swift */; };
		0F066C741FA3427500F713E9 /* GoogleService-Info.plist in Resources */ = {isa = PBXBuildFile; fileRef = 0F066C731FA3427400F713E9 /* GoogleService-Info.plist */; };
		0F066C781FA3469F00F713E9 /* LogoutListService.swift in Sources */ = {isa = PBXBuildFile; fileRef = 0F066C771FA3469F00F713E9 /* LogoutListService.swift */; };
		0F066C7A1FA37BB900F713E9 /* WalkThroughPresenterTests.swift in Sources */ = {isa = PBXBuildFile; fileRef = 0F066C791FA37BB900F713E9 /* WalkThroughPresenterTests.swift */; };
		0F066C7D1FA37F1A00F713E9 /* StubWalkthroughNavigator.swift in Sources */ = {isa = PBXBuildFile; fileRef = 0F066C7C1FA37F1A00F713E9 /* StubWalkthroughNavigator.swift */; };
		0F066C7F1FA380D700F713E9 /* StubSocialSessionUserLoginUseCase.swift in Sources */ = {isa = PBXBuildFile; fileRef = 0F066C7E1FA380D700F713E9 /* StubSocialSessionUserLoginUseCase.swift */; };
		0F066C821FA3847300F713E9 /* SocialSessionUserLoginUseCaseTests.swift in Sources */ = {isa = PBXBuildFile; fileRef = 0F066C811FA3847300F713E9 /* SocialSessionUserLoginUseCaseTests.swift */; };
		0F066C861FA3869100F713E9 /* StubSocialLoginNetworkProviderFactory.swift in Sources */ = {isa = PBXBuildFile; fileRef = 0F066C851FA3869100F713E9 /* StubSocialLoginNetworkProviderFactory.swift */; };
		0F066C881FA38A9000F713E9 /* MockSessionUserNetworkProvider.swift in Sources */ = {isa = PBXBuildFile; fileRef = 0F066C871FA38A9000F713E9 /* MockSessionUserNetworkProvider.swift */; };
		0F066C8A1FA38AB700F713E9 /* MokUserSessionPersistor.swift in Sources */ = {isa = PBXBuildFile; fileRef = 0F066C891FA38AB700F713E9 /* MokUserSessionPersistor.swift */; };
		0F0833B11FACD99A00A7B5DF /* RegisterSocialRequestModel.swift in Sources */ = {isa = PBXBuildFile; fileRef = 0F0833B01FACD99A00A7B5DF /* RegisterSocialRequestModel.swift */; };
		0F2CEC921FA248F700A1A942 /* AppDelegate.swift in Sources */ = {isa = PBXBuildFile; fileRef = 0F2CEC911FA248F700A1A942 /* AppDelegate.swift */; };
		0F2CEC941FA248F700A1A942 /* ViewController.swift in Sources */ = {isa = PBXBuildFile; fileRef = 0F2CEC931FA248F700A1A942 /* ViewController.swift */; };
		0F2CEC991FA248F700A1A942 /* Assets.xcassets in Resources */ = {isa = PBXBuildFile; fileRef = 0F2CEC981FA248F700A1A942 /* Assets.xcassets */; };
		0F2CEC9C1FA248F700A1A942 /* LaunchScreen.storyboard in Resources */ = {isa = PBXBuildFile; fileRef = 0F2CEC9A1FA248F700A1A942 /* LaunchScreen.storyboard */; };
		0F2CECB21FA248F700A1A942 /* FireBaseLoginRegisterUITests.swift in Sources */ = {isa = PBXBuildFile; fileRef = 0F2CECB11FA248F700A1A942 /* FireBaseLoginRegisterUITests.swift */; };
		0F3BA5591FA3317C00297004 /* SessionUserFirebaseProvider.swift in Sources */ = {isa = PBXBuildFile; fileRef = 0F3BA5461FA3317C00297004 /* SessionUserFirebaseProvider.swift */; };
		0F3BA55A1FA3317C00297004 /* SocialNetworkProvider.swift in Sources */ = {isa = PBXBuildFile; fileRef = 0F3BA5471FA3317C00297004 /* SocialNetworkProvider.swift */; };
		0F3BA55B1FA3317C00297004 /* FacebookLogoutNetworkProvider.swift in Sources */ = {isa = PBXBuildFile; fileRef = 0F3BA5481FA3317C00297004 /* FacebookLogoutNetworkProvider.swift */; };
		0F3BA55C1FA3317C00297004 /* FacebookLoginNetworkProvider.swift in Sources */ = {isa = PBXBuildFile; fileRef = 0F3BA5491FA3317C00297004 /* FacebookLoginNetworkProvider.swift */; };
		0F3BA55D1FA3317C00297004 /* GoogleLogoutNetworkProvider.swift in Sources */ = {isa = PBXBuildFile; fileRef = 0F3BA54A1FA3317C00297004 /* GoogleLogoutNetworkProvider.swift */; };
		0F3BA55E1FA3317C00297004 /* GoogleLoginNetworkProvider.swift in Sources */ = {isa = PBXBuildFile; fileRef = 0F3BA54B1FA3317C00297004 /* GoogleLoginNetworkProvider.swift */; };
		0F3BA55F1FA3317C00297004 /* UserSessionPersistor.swift in Sources */ = {isa = PBXBuildFile; fileRef = 0F3BA54D1FA3317C00297004 /* UserSessionPersistor.swift */; };
		0F3BA5601FA3317C00297004 /* SocialLoginNetworkProviderFactory.swift in Sources */ = {isa = PBXBuildFile; fileRef = 0F3BA54F1FA3317C00297004 /* SocialLoginNetworkProviderFactory.swift */; };
		0F3BA5611FA3317C00297004 /* SocialLogoutNetworkProviderFactory.swift in Sources */ = {isa = PBXBuildFile; fileRef = 0F3BA5501FA3317C00297004 /* SocialLogoutNetworkProviderFactory.swift */; };
		0F3BA5621FA3317C00297004 /* UserSession.swift in Sources */ = {isa = PBXBuildFile; fileRef = 0F3BA5521FA3317C00297004 /* UserSession.swift */; };
		0F3BA5631FA3317C00297004 /* SessionUserLogOut.swift in Sources */ = {isa = PBXBuildFile; fileRef = 0F3BA5541FA3317C00297004 /* SessionUserLogOut.swift */; };
		0F3BA5641FA3317C00297004 /* LoginUserSession.swift in Sources */ = {isa = PBXBuildFile; fileRef = 0F3BA5551FA3317C00297004 /* LoginUserSession.swift */; };
		0F3BA5651FA3317C00297004 /* RegisterUserSession.swift in Sources */ = {isa = PBXBuildFile; fileRef = 0F3BA5561FA3317C00297004 /* RegisterUserSession.swift */; };
		0F3BA5661FA3317C00297004 /* SessionProtocols.swift in Sources */ = {isa = PBXBuildFile; fileRef = 0F3BA5571FA3317C00297004 /* SessionProtocols.swift */; };
		0F3BA5671FA3317C00297004 /* SocialSessionUserLogin.swift in Sources */ = {isa = PBXBuildFile; fileRef = 0F3BA5581FA3317C00297004 /* SocialSessionUserLogin.swift */; };
		0F3BA5771FA3329A00297004 /* Session.storyboard in Resources */ = {isa = PBXBuildFile; fileRef = 0F3BA5691FA3329A00297004 /* Session.storyboard */; };
		0F3BA5781FA3329A00297004 /* RegisterViewController.swift in Sources */ = {isa = PBXBuildFile; fileRef = 0F3BA56B1FA3329A00297004 /* RegisterViewController.swift */; };
		0F3BA5791FA3329A00297004 /* WalkthroughNavigator.swift in Sources */ = {isa = PBXBuildFile; fileRef = 0F3BA56D1FA3329A00297004 /* WalkthroughNavigator.swift */; };
		0F3BA57A1FA3329A00297004 /* RegisterNavigator.swift in Sources */ = {isa = PBXBuildFile; fileRef = 0F3BA56E1FA3329A00297004 /* RegisterNavigator.swift */; };
		0F3BA57B1FA3329A00297004 /* WalkthroughViewController.swift in Sources */ = {isa = PBXBuildFile; fileRef = 0F3BA5701FA3329A00297004 /* WalkthroughViewController.swift */; };
		0F3BA57C1FA3329A00297004 /* RegisterPresenter.swift in Sources */ = {isa = PBXBuildFile; fileRef = 0F3BA5721FA3329A00297004 /* RegisterPresenter.swift */; };
		0F3BA57D1FA3329A00297004 /* WalkThroughPresenter.swift in Sources */ = {isa = PBXBuildFile; fileRef = 0F3BA5731FA3329A00297004 /* WalkThroughPresenter.swift */; };
		0F3BA57E1FA3329A00297004 /* LoginPresenter.swift in Sources */ = {isa = PBXBuildFile; fileRef = 0F3BA5741FA3329A00297004 /* LoginPresenter.swift */; };
		0F3BA57F1FA3329A00297004 /* LoginViewController.swift in Sources */ = {isa = PBXBuildFile; fileRef = 0F3BA5761FA3329A00297004 /* LoginViewController.swift */; };
		0F3BA5881FA332DC00297004 /* WalkthroughDependencies.swift in Sources */ = {isa = PBXBuildFile; fileRef = 0F3BA5831FA332DC00297004 /* WalkthroughDependencies.swift */; };
		0F3BA58C1FA332EB00297004 /* ProfileDependencies.swift in Sources */ = {isa = PBXBuildFile; fileRef = 0F3BA58B1FA332EB00297004 /* ProfileDependencies.swift */; };
		0F3BA5941FA3330900297004 /* Serializable.swift in Sources */ = {isa = PBXBuildFile; fileRef = 0F3BA58E1FA3330900297004 /* Serializable.swift */; };
		0F3BA5951FA3330900297004 /* Serializer.swift in Sources */ = {isa = PBXBuildFile; fileRef = 0F3BA58F1FA3330900297004 /* Serializer.swift */; };
		0F3BA5961FA3330900297004 /* PlistStorageCoordinator.swift in Sources */ = {isa = PBXBuildFile; fileRef = 0F3BA5901FA3330900297004 /* PlistStorageCoordinator.swift */; };
		0F3BA5971FA3330900297004 /* StorageCoordinator.swift in Sources */ = {isa = PBXBuildFile; fileRef = 0F3BA5911FA3330900297004 /* StorageCoordinator.swift */; };
		0F3BA5981FA3330900297004 /* UserDefaultsStorageCoordinator.swift in Sources */ = {isa = PBXBuildFile; fileRef = 0F3BA5921FA3330900297004 /* UserDefaultsStorageCoordinator.swift */; };
		0F3BA5991FA3330900297004 /* InMemorySorageCoordinator.swift in Sources */ = {isa = PBXBuildFile; fileRef = 0F3BA5931FA3330900297004 /* InMemorySorageCoordinator.swift */; };
		0F3BA5A41FA3333500297004 /* AppRootNavigator.swift in Sources */ = {isa = PBXBuildFile; fileRef = 0F3BA59D1FA3333500297004 /* AppRootNavigator.swift */; };
		0F3BA5AA1FA3372200297004 /* RootNavigator.swift in Sources */ = {isa = PBXBuildFile; fileRef = 0F3BA5A91FA3372200297004 /* RootNavigator.swift */; };
		0F3BA5B31FA338B400297004 /* Profile.storyboard in Resources */ = {isa = PBXBuildFile; fileRef = 0F3BA5AC1FA338B400297004 /* Profile.storyboard */; };
		0F3BA5B41FA338B400297004 /* ProfileNavigator.swift in Sources */ = {isa = PBXBuildFile; fileRef = 0F3BA5AE1FA338B400297004 /* ProfileNavigator.swift */; };
		0F3BA5B51FA338B400297004 /* ProfileViewController.swift in Sources */ = {isa = PBXBuildFile; fileRef = 0F3BA5B01FA338B400297004 /* ProfileViewController.swift */; };
		0F3BA5B61FA338B400297004 /* ProfilePresenter.swift in Sources */ = {isa = PBXBuildFile; fileRef = 0F3BA5B21FA338B400297004 /* ProfilePresenter.swift */; };
		0F3BA5BA1FA33A5900297004 /* FormErrorProtocol.swift in Sources */ = {isa = PBXBuildFile; fileRef = 0F3BA5B81FA33A5900297004 /* FormErrorProtocol.swift */; };
		0F3BA5BB1FA33A5900297004 /* Presenter.swift in Sources */ = {isa = PBXBuildFile; fileRef = 0F3BA5B91FA33A5900297004 /* Presenter.swift */; };
		0F3BA5BD1FA33A6800297004 /* TextValidator.swift in Sources */ = {isa = PBXBuildFile; fileRef = 0F3BA5BC1FA33A6800297004 /* TextValidator.swift */; };
		0F3BA5C01FA33AEF00297004 /* NotificationNames.swift in Sources */ = {isa = PBXBuildFile; fileRef = 0F3BA5BF1FA33AEF00297004 /* NotificationNames.swift */; };
		0F4314E61FAC7AEA008704E5 /* SessionLogoutNetworkProvider.swift in Sources */ = {isa = PBXBuildFile; fileRef = 0F4314E51FAC7AEA008704E5 /* SessionLogoutNetworkProvider.swift */; };
		0F67D9CA1FACF27900A2A4F3 /* MockNotificationCenter.swift in Sources */ = {isa = PBXBuildFile; fileRef = 0F67D9C91FACF27900A2A4F3 /* MockNotificationCenter.swift */; };
		0F8BEE0C1FAC882900206403 /* Result.swift in Sources */ = {isa = PBXBuildFile; fileRef = 0F8BEE0B1FAC882900206403 /* Result.swift */; };
		0F8BEE0E1FAC886000206403 /* SessionUserNetworkProvider.swift in Sources */ = {isa = PBXBuildFile; fileRef = 0F8BEE0D1FAC886000206403 /* SessionUserNetworkProvider.swift */; };
		0F8BEE101FAC893600206403 /* BasicUserParams.swift in Sources */ = {isa = PBXBuildFile; fileRef = 0F8BEE0F1FAC893600206403 /* BasicUserParams.swift */; };
		2C1FB42F50DE809EC6088573 /* Pods_FireBaseLoginRegisterTests.framework in Frameworks */ = {isa = PBXBuildFile; fileRef = 968A2EC07DB534B607F535E8 /* Pods_FireBaseLoginRegisterTests.framework */; };
		E54E3B7195B0547EB93905ED /* Pods_FireBaseLoginRegister.framework in Frameworks */ = {isa = PBXBuildFile; fileRef = EEA9E2C4176D5885D1637662 /* Pods_FireBaseLoginRegister.framework */; };
/* End PBXBuildFile section */

/* Begin PBXContainerItemProxy section */
		0F2CECA31FA248F700A1A942 /* PBXContainerItemProxy */ = {
			isa = PBXContainerItemProxy;
			containerPortal = 0F2CEC861FA248F600A1A942 /* Project object */;
			proxyType = 1;
			remoteGlobalIDString = 0F2CEC8D1FA248F700A1A942;
			remoteInfo = FireBaseLoginRegister;
		};
		0F2CECAE1FA248F700A1A942 /* PBXContainerItemProxy */ = {
			isa = PBXContainerItemProxy;
			containerPortal = 0F2CEC861FA248F600A1A942 /* Project object */;
			proxyType = 1;
			remoteGlobalIDString = 0F2CEC8D1FA248F700A1A942;
			remoteInfo = FireBaseLoginRegister;
		};
/* End PBXContainerItemProxy section */

/* Begin PBXFileReference section */
		0F066C6F1FA33C7500F713E9 /* Dependencies.swift */ = {isa = PBXFileReference; lastKnownFileType = sourcecode.swift; path = Dependencies.swift; sourceTree = "<group>"; };
		0F066C711FA33D9500F713E9 /* Optional.swift */ = {isa = PBXFileReference; fileEncoding = 4; lastKnownFileType = sourcecode.swift; path = Optional.swift; sourceTree = "<group>"; };
		0F066C731FA3427400F713E9 /* GoogleService-Info.plist */ = {isa = PBXFileReference; fileEncoding = 4; lastKnownFileType = text.plist.xml; path = "GoogleService-Info.plist"; sourceTree = "<group>"; };
		0F066C771FA3469F00F713E9 /* LogoutListService.swift */ = {isa = PBXFileReference; lastKnownFileType = sourcecode.swift; path = LogoutListService.swift; sourceTree = "<group>"; };
		0F066C791FA37BB900F713E9 /* WalkThroughPresenterTests.swift */ = {isa = PBXFileReference; lastKnownFileType = sourcecode.swift; path = WalkThroughPresenterTests.swift; sourceTree = "<group>"; };
		0F066C7C1FA37F1A00F713E9 /* StubWalkthroughNavigator.swift */ = {isa = PBXFileReference; lastKnownFileType = sourcecode.swift; path = StubWalkthroughNavigator.swift; sourceTree = "<group>"; };
		0F066C7E1FA380D700F713E9 /* StubSocialSessionUserLoginUseCase.swift */ = {isa = PBXFileReference; lastKnownFileType = sourcecode.swift; path = StubSocialSessionUserLoginUseCase.swift; sourceTree = "<group>"; };
		0F066C811FA3847300F713E9 /* SocialSessionUserLoginUseCaseTests.swift */ = {isa = PBXFileReference; lastKnownFileType = sourcecode.swift; path = SocialSessionUserLoginUseCaseTests.swift; sourceTree = "<group>"; };
		0F066C851FA3869100F713E9 /* StubSocialLoginNetworkProviderFactory.swift */ = {isa = PBXFileReference; lastKnownFileType = sourcecode.swift; path = StubSocialLoginNetworkProviderFactory.swift; sourceTree = "<group>"; };
		0F066C871FA38A9000F713E9 /* MockSessionUserNetworkProvider.swift */ = {isa = PBXFileReference; lastKnownFileType = sourcecode.swift; path = MockSessionUserNetworkProvider.swift; sourceTree = "<group>"; };
		0F066C891FA38AB700F713E9 /* MokUserSessionPersistor.swift */ = {isa = PBXFileReference; lastKnownFileType = sourcecode.swift; path = MokUserSessionPersistor.swift; sourceTree = "<group>"; };
		0F0833B01FACD99A00A7B5DF /* RegisterSocialRequestModel.swift */ = {isa = PBXFileReference; lastKnownFileType = sourcecode.swift; path = RegisterSocialRequestModel.swift; sourceTree = "<group>"; };
		0F2CEC8E1FA248F700A1A942 /* FireBaseLoginRegister.app */ = {isa = PBXFileReference; explicitFileType = wrapper.application; includeInIndex = 0; path = FireBaseLoginRegister.app; sourceTree = BUILT_PRODUCTS_DIR; };
		0F2CEC911FA248F700A1A942 /* AppDelegate.swift */ = {isa = PBXFileReference; lastKnownFileType = sourcecode.swift; path = AppDelegate.swift; sourceTree = "<group>"; };
		0F2CEC931FA248F700A1A942 /* ViewController.swift */ = {isa = PBXFileReference; lastKnownFileType = sourcecode.swift; path = ViewController.swift; sourceTree = "<group>"; };
		0F2CEC981FA248F700A1A942 /* Assets.xcassets */ = {isa = PBXFileReference; lastKnownFileType = folder.assetcatalog; path = Assets.xcassets; sourceTree = "<group>"; };
		0F2CEC9B1FA248F700A1A942 /* Base */ = {isa = PBXFileReference; lastKnownFileType = file.storyboard; name = Base; path = Base.lproj/LaunchScreen.storyboard; sourceTree = "<group>"; };
		0F2CEC9D1FA248F700A1A942 /* Info.plist */ = {isa = PBXFileReference; lastKnownFileType = text.plist.xml; path = Info.plist; sourceTree = "<group>"; };
		0F2CECA21FA248F700A1A942 /* FireBaseLoginRegisterTests.xctest */ = {isa = PBXFileReference; explicitFileType = wrapper.cfbundle; includeInIndex = 0; path = FireBaseLoginRegisterTests.xctest; sourceTree = BUILT_PRODUCTS_DIR; };
		0F2CECA81FA248F700A1A942 /* Info.plist */ = {isa = PBXFileReference; lastKnownFileType = text.plist.xml; path = Info.plist; sourceTree = "<group>"; };
		0F2CECAD1FA248F700A1A942 /* FireBaseLoginRegisterUITests.xctest */ = {isa = PBXFileReference; explicitFileType = wrapper.cfbundle; includeInIndex = 0; path = FireBaseLoginRegisterUITests.xctest; sourceTree = BUILT_PRODUCTS_DIR; };
		0F2CECB11FA248F700A1A942 /* FireBaseLoginRegisterUITests.swift */ = {isa = PBXFileReference; lastKnownFileType = sourcecode.swift; path = FireBaseLoginRegisterUITests.swift; sourceTree = "<group>"; };
		0F2CECB31FA248F700A1A942 /* Info.plist */ = {isa = PBXFileReference; lastKnownFileType = text.plist.xml; path = Info.plist; sourceTree = "<group>"; };
		0F3BA5461FA3317C00297004 /* SessionUserFirebaseProvider.swift */ = {isa = PBXFileReference; fileEncoding = 4; lastKnownFileType = sourcecode.swift; path = SessionUserFirebaseProvider.swift; sourceTree = "<group>"; };
		0F3BA5471FA3317C00297004 /* SocialNetworkProvider.swift */ = {isa = PBXFileReference; fileEncoding = 4; lastKnownFileType = sourcecode.swift; path = SocialNetworkProvider.swift; sourceTree = "<group>"; };
		0F3BA5481FA3317C00297004 /* FacebookLogoutNetworkProvider.swift */ = {isa = PBXFileReference; fileEncoding = 4; lastKnownFileType = sourcecode.swift; path = FacebookLogoutNetworkProvider.swift; sourceTree = "<group>"; };
		0F3BA5491FA3317C00297004 /* FacebookLoginNetworkProvider.swift */ = {isa = PBXFileReference; fileEncoding = 4; lastKnownFileType = sourcecode.swift; path = FacebookLoginNetworkProvider.swift; sourceTree = "<group>"; };
		0F3BA54A1FA3317C00297004 /* GoogleLogoutNetworkProvider.swift */ = {isa = PBXFileReference; fileEncoding = 4; lastKnownFileType = sourcecode.swift; path = GoogleLogoutNetworkProvider.swift; sourceTree = "<group>"; };
		0F3BA54B1FA3317C00297004 /* GoogleLoginNetworkProvider.swift */ = {isa = PBXFileReference; fileEncoding = 4; lastKnownFileType = sourcecode.swift; path = GoogleLoginNetworkProvider.swift; sourceTree = "<group>"; };
		0F3BA54D1FA3317C00297004 /* UserSessionPersistor.swift */ = {isa = PBXFileReference; fileEncoding = 4; lastKnownFileType = sourcecode.swift; path = UserSessionPersistor.swift; sourceTree = "<group>"; };
		0F3BA54F1FA3317C00297004 /* SocialLoginNetworkProviderFactory.swift */ = {isa = PBXFileReference; fileEncoding = 4; lastKnownFileType = sourcecode.swift; path = SocialLoginNetworkProviderFactory.swift; sourceTree = "<group>"; };
		0F3BA5501FA3317C00297004 /* SocialLogoutNetworkProviderFactory.swift */ = {isa = PBXFileReference; fileEncoding = 4; lastKnownFileType = sourcecode.swift; path = SocialLogoutNetworkProviderFactory.swift; sourceTree = "<group>"; };
		0F3BA5521FA3317C00297004 /* UserSession.swift */ = {isa = PBXFileReference; fileEncoding = 4; lastKnownFileType = sourcecode.swift; path = UserSession.swift; sourceTree = "<group>"; };
		0F3BA5541FA3317C00297004 /* SessionUserLogOut.swift */ = {isa = PBXFileReference; fileEncoding = 4; lastKnownFileType = sourcecode.swift; path = SessionUserLogOut.swift; sourceTree = "<group>"; };
		0F3BA5551FA3317C00297004 /* LoginUserSession.swift */ = {isa = PBXFileReference; fileEncoding = 4; lastKnownFileType = sourcecode.swift; path = LoginUserSession.swift; sourceTree = "<group>"; };
		0F3BA5561FA3317C00297004 /* RegisterUserSession.swift */ = {isa = PBXFileReference; fileEncoding = 4; lastKnownFileType = sourcecode.swift; path = RegisterUserSession.swift; sourceTree = "<group>"; };
		0F3BA5571FA3317C00297004 /* SessionProtocols.swift */ = {isa = PBXFileReference; fileEncoding = 4; lastKnownFileType = sourcecode.swift; path = SessionProtocols.swift; sourceTree = "<group>"; };
		0F3BA5581FA3317C00297004 /* SocialSessionUserLogin.swift */ = {isa = PBXFileReference; fileEncoding = 4; lastKnownFileType = sourcecode.swift; path = SocialSessionUserLogin.swift; sourceTree = "<group>"; };
		0F3BA5691FA3329A00297004 /* Session.storyboard */ = {isa = PBXFileReference; fileEncoding = 4; lastKnownFileType = file.storyboard; path = Session.storyboard; sourceTree = "<group>"; };
		0F3BA56B1FA3329A00297004 /* RegisterViewController.swift */ = {isa = PBXFileReference; fileEncoding = 4; lastKnownFileType = sourcecode.swift; path = RegisterViewController.swift; sourceTree = "<group>"; };
		0F3BA56D1FA3329A00297004 /* WalkthroughNavigator.swift */ = {isa = PBXFileReference; fileEncoding = 4; lastKnownFileType = sourcecode.swift; path = WalkthroughNavigator.swift; sourceTree = "<group>"; };
		0F3BA56E1FA3329A00297004 /* RegisterNavigator.swift */ = {isa = PBXFileReference; fileEncoding = 4; lastKnownFileType = sourcecode.swift; path = RegisterNavigator.swift; sourceTree = "<group>"; };
		0F3BA5701FA3329A00297004 /* WalkthroughViewController.swift */ = {isa = PBXFileReference; fileEncoding = 4; lastKnownFileType = sourcecode.swift; path = WalkthroughViewController.swift; sourceTree = "<group>"; };
		0F3BA5721FA3329A00297004 /* RegisterPresenter.swift */ = {isa = PBXFileReference; fileEncoding = 4; lastKnownFileType = sourcecode.swift; path = RegisterPresenter.swift; sourceTree = "<group>"; };
		0F3BA5731FA3329A00297004 /* WalkThroughPresenter.swift */ = {isa = PBXFileReference; fileEncoding = 4; lastKnownFileType = sourcecode.swift; path = WalkThroughPresenter.swift; sourceTree = "<group>"; };
		0F3BA5741FA3329A00297004 /* LoginPresenter.swift */ = {isa = PBXFileReference; fileEncoding = 4; lastKnownFileType = sourcecode.swift; path = LoginPresenter.swift; sourceTree = "<group>"; };
		0F3BA5761FA3329A00297004 /* LoginViewController.swift */ = {isa = PBXFileReference; fileEncoding = 4; lastKnownFileType = sourcecode.swift; path = LoginViewController.swift; sourceTree = "<group>"; };
		0F3BA5831FA332DC00297004 /* WalkthroughDependencies.swift */ = {isa = PBXFileReference; fileEncoding = 4; lastKnownFileType = sourcecode.swift; path = WalkthroughDependencies.swift; sourceTree = "<group>"; };
		0F3BA58B1FA332EB00297004 /* ProfileDependencies.swift */ = {isa = PBXFileReference; fileEncoding = 4; lastKnownFileType = sourcecode.swift; path = ProfileDependencies.swift; sourceTree = "<group>"; };
		0F3BA58E1FA3330900297004 /* Serializable.swift */ = {isa = PBXFileReference; fileEncoding = 4; lastKnownFileType = sourcecode.swift; path = Serializable.swift; sourceTree = "<group>"; };
		0F3BA58F1FA3330900297004 /* Serializer.swift */ = {isa = PBXFileReference; fileEncoding = 4; lastKnownFileType = sourcecode.swift; path = Serializer.swift; sourceTree = "<group>"; };
		0F3BA5901FA3330900297004 /* PlistStorageCoordinator.swift */ = {isa = PBXFileReference; fileEncoding = 4; lastKnownFileType = sourcecode.swift; path = PlistStorageCoordinator.swift; sourceTree = "<group>"; };
		0F3BA5911FA3330900297004 /* StorageCoordinator.swift */ = {isa = PBXFileReference; fileEncoding = 4; lastKnownFileType = sourcecode.swift; path = StorageCoordinator.swift; sourceTree = "<group>"; };
		0F3BA5921FA3330900297004 /* UserDefaultsStorageCoordinator.swift */ = {isa = PBXFileReference; fileEncoding = 4; lastKnownFileType = sourcecode.swift; path = UserDefaultsStorageCoordinator.swift; sourceTree = "<group>"; };
		0F3BA5931FA3330900297004 /* InMemorySorageCoordinator.swift */ = {isa = PBXFileReference; fileEncoding = 4; lastKnownFileType = sourcecode.swift; path = InMemorySorageCoordinator.swift; sourceTree = "<group>"; };
		0F3BA59D1FA3333500297004 /* AppRootNavigator.swift */ = {isa = PBXFileReference; fileEncoding = 4; lastKnownFileType = sourcecode.swift; path = AppRootNavigator.swift; sourceTree = "<group>"; };
		0F3BA5A91FA3372200297004 /* RootNavigator.swift */ = {isa = PBXFileReference; fileEncoding = 4; lastKnownFileType = sourcecode.swift; path = RootNavigator.swift; sourceTree = "<group>"; };
		0F3BA5AC1FA338B400297004 /* Profile.storyboard */ = {isa = PBXFileReference; fileEncoding = 4; lastKnownFileType = file.storyboard; path = Profile.storyboard; sourceTree = "<group>"; };
		0F3BA5AE1FA338B400297004 /* ProfileNavigator.swift */ = {isa = PBXFileReference; fileEncoding = 4; lastKnownFileType = sourcecode.swift; path = ProfileNavigator.swift; sourceTree = "<group>"; };
		0F3BA5B01FA338B400297004 /* ProfileViewController.swift */ = {isa = PBXFileReference; fileEncoding = 4; lastKnownFileType = sourcecode.swift; path = ProfileViewController.swift; sourceTree = "<group>"; };
		0F3BA5B21FA338B400297004 /* ProfilePresenter.swift */ = {isa = PBXFileReference; fileEncoding = 4; lastKnownFileType = sourcecode.swift; path = ProfilePresenter.swift; sourceTree = "<group>"; };
		0F3BA5B81FA33A5900297004 /* FormErrorProtocol.swift */ = {isa = PBXFileReference; fileEncoding = 4; lastKnownFileType = sourcecode.swift; path = FormErrorProtocol.swift; sourceTree = "<group>"; };
		0F3BA5B91FA33A5900297004 /* Presenter.swift */ = {isa = PBXFileReference; fileEncoding = 4; lastKnownFileType = sourcecode.swift; path = Presenter.swift; sourceTree = "<group>"; };
		0F3BA5BC1FA33A6800297004 /* TextValidator.swift */ = {isa = PBXFileReference; fileEncoding = 4; lastKnownFileType = sourcecode.swift; path = TextValidator.swift; sourceTree = "<group>"; };
		0F3BA5BF1FA33AEF00297004 /* NotificationNames.swift */ = {isa = PBXFileReference; lastKnownFileType = sourcecode.swift; path = NotificationNames.swift; sourceTree = "<group>"; };
		0F4314E51FAC7AEA008704E5 /* SessionLogoutNetworkProvider.swift */ = {isa = PBXFileReference; lastKnownFileType = sourcecode.swift; path = SessionLogoutNetworkProvider.swift; sourceTree = "<group>"; };
		0F67D9C91FACF27900A2A4F3 /* MockNotificationCenter.swift */ = {isa = PBXFileReference; lastKnownFileType = sourcecode.swift; path = MockNotificationCenter.swift; sourceTree = "<group>"; };
		0F8BEE0B1FAC882900206403 /* Result.swift */ = {isa = PBXFileReference; lastKnownFileType = sourcecode.swift; path = Result.swift; sourceTree = "<group>"; };
		0F8BEE0D1FAC886000206403 /* SessionUserNetworkProvider.swift */ = {isa = PBXFileReference; lastKnownFileType = sourcecode.swift; path = SessionUserNetworkProvider.swift; sourceTree = "<group>"; };
		0F8BEE0F1FAC893600206403 /* BasicUserParams.swift */ = {isa = PBXFileReference; lastKnownFileType = sourcecode.swift; path = BasicUserParams.swift; sourceTree = "<group>"; };
		13FC0083E4B7041EA1E06903 /* Pods-FireBaseLoginRegisterTests.release.xcconfig */ = {isa = PBXFileReference; includeInIndex = 1; lastKnownFileType = text.xcconfig; name = "Pods-FireBaseLoginRegisterTests.release.xcconfig"; path = "Pods/Target Support Files/Pods-FireBaseLoginRegisterTests/Pods-FireBaseLoginRegisterTests.release.xcconfig"; sourceTree = "<group>"; };
		5C503DADCBD8F3A758CA65B4 /* Pods-FireBaseLoginRegister.release.xcconfig */ = {isa = PBXFileReference; includeInIndex = 1; lastKnownFileType = text.xcconfig; name = "Pods-FireBaseLoginRegister.release.xcconfig"; path = "Pods/Target Support Files/Pods-FireBaseLoginRegister/Pods-FireBaseLoginRegister.release.xcconfig"; sourceTree = "<group>"; };
		968A2EC07DB534B607F535E8 /* Pods_FireBaseLoginRegisterTests.framework */ = {isa = PBXFileReference; explicitFileType = wrapper.framework; includeInIndex = 0; path = Pods_FireBaseLoginRegisterTests.framework; sourceTree = BUILT_PRODUCTS_DIR; };
		A4D9541DD0FDB86A6D20450B /* Pods-FireBaseLoginRegisterTests.debug.xcconfig */ = {isa = PBXFileReference; includeInIndex = 1; lastKnownFileType = text.xcconfig; name = "Pods-FireBaseLoginRegisterTests.debug.xcconfig"; path = "Pods/Target Support Files/Pods-FireBaseLoginRegisterTests/Pods-FireBaseLoginRegisterTests.debug.xcconfig"; sourceTree = "<group>"; };
		E46B4520282FCFDDC03AE1E0 /* Pods-FireBaseLoginRegister.debug.xcconfig */ = {isa = PBXFileReference; includeInIndex = 1; lastKnownFileType = text.xcconfig; name = "Pods-FireBaseLoginRegister.debug.xcconfig"; path = "Pods/Target Support Files/Pods-FireBaseLoginRegister/Pods-FireBaseLoginRegister.debug.xcconfig"; sourceTree = "<group>"; };
		EEA9E2C4176D5885D1637662 /* Pods_FireBaseLoginRegister.framework */ = {isa = PBXFileReference; explicitFileType = wrapper.framework; includeInIndex = 0; path = Pods_FireBaseLoginRegister.framework; sourceTree = BUILT_PRODUCTS_DIR; };
/* End PBXFileReference section */

/* Begin PBXFrameworksBuildPhase section */
		0F2CEC8B1FA248F700A1A942 /* Frameworks */ = {
			isa = PBXFrameworksBuildPhase;
			buildActionMask = 2147483647;
			files = (
				E54E3B7195B0547EB93905ED /* Pods_FireBaseLoginRegister.framework in Frameworks */,
			);
			runOnlyForDeploymentPostprocessing = 0;
		};
		0F2CEC9F1FA248F700A1A942 /* Frameworks */ = {
			isa = PBXFrameworksBuildPhase;
			buildActionMask = 2147483647;
			files = (
				2C1FB42F50DE809EC6088573 /* Pods_FireBaseLoginRegisterTests.framework in Frameworks */,
			);
			runOnlyForDeploymentPostprocessing = 0;
		};
		0F2CECAA1FA248F700A1A942 /* Frameworks */ = {
			isa = PBXFrameworksBuildPhase;
			buildActionMask = 2147483647;
			files = (
			);
			runOnlyForDeploymentPostprocessing = 0;
		};
/* End PBXFrameworksBuildPhase section */

/* Begin PBXGroup section */
		0F066C751FA345D000F713E9 /* Commons */ = {
			isa = PBXGroup;
			children = (
				0F066C6F1FA33C7500F713E9 /* Dependencies.swift */,
				0F3BA5B81FA33A5900297004 /* FormErrorProtocol.swift */,
				0F066C711FA33D9500F713E9 /* Optional.swift */,
				0F3BA5B91FA33A5900297004 /* Presenter.swift */,
				0F3BA5BF1FA33AEF00297004 /* NotificationNames.swift */,
				0F8BEE0B1FAC882900206403 /* Result.swift */,
			);
			path = Commons;
			sourceTree = "<group>";
		};
		0F066C761FA3466E00F713E9 /* Services */ = {
			isa = PBXGroup;
			children = (
				0F066C771FA3469F00F713E9 /* LogoutListService.swift */,
			);
			path = Services;
			sourceTree = "<group>";
		};
		0F066C801FA381E700F713E9 /* TestDoubles */ = {
			isa = PBXGroup;
			children = (
				0F066C7C1FA37F1A00F713E9 /* StubWalkthroughNavigator.swift */,
				0F066C7E1FA380D700F713E9 /* StubSocialSessionUserLoginUseCase.swift */,
				0F066C851FA3869100F713E9 /* StubSocialLoginNetworkProviderFactory.swift */,
				0F066C871FA38A9000F713E9 /* MockSessionUserNetworkProvider.swift */,
				0F066C891FA38AB700F713E9 /* MokUserSessionPersistor.swift */,
				0F67D9C91FACF27900A2A4F3 /* MockNotificationCenter.swift */,
			);
			path = TestDoubles;
			sourceTree = "<group>";
		};
		0F2CEC851FA248F600A1A942 = {
			isa = PBXGroup;
			children = (
				0F2CEC901FA248F700A1A942 /* FireBaseLoginRegister */,
				0F2CECA51FA248F700A1A942 /* FireBaseLoginRegisterTests */,
				0F2CECB01FA248F700A1A942 /* FireBaseLoginRegisterUITests */,
				0F2CEC8F1FA248F700A1A942 /* Products */,
				6191A1B3F31BFDF492FC8A67 /* Pods */,
				D9092C743728BA27CA0AC0AF /* Frameworks */,
			);
			sourceTree = "<group>";
		};
		0F2CEC8F1FA248F700A1A942 /* Products */ = {
			isa = PBXGroup;
			children = (
				0F2CEC8E1FA248F700A1A942 /* FireBaseLoginRegister.app */,
				0F2CECA21FA248F700A1A942 /* FireBaseLoginRegisterTests.xctest */,
				0F2CECAD1FA248F700A1A942 /* FireBaseLoginRegisterUITests.xctest */,
			);
			name = Products;
			sourceTree = "<group>";
		};
		0F2CEC901FA248F700A1A942 /* FireBaseLoginRegister */ = {
			isa = PBXGroup;
			children = (
				0F3BA5421FA3315200297004 /* Core */,
				0F3BA5431FA3315200297004 /* Views */,
				0F2CEC931FA248F700A1A942 /* ViewController.swift */,
				0F2CEC911FA248F700A1A942 /* AppDelegate.swift */,
				0F2CEC981FA248F700A1A942 /* Assets.xcassets */,
				0F2CEC9A1FA248F700A1A942 /* LaunchScreen.storyboard */,
				0F066C731FA3427400F713E9 /* GoogleService-Info.plist */,
				0F2CEC9D1FA248F700A1A942 /* Info.plist */,
			);
			path = FireBaseLoginRegister;
			sourceTree = "<group>";
		};
		0F2CECA51FA248F700A1A942 /* FireBaseLoginRegisterTests */ = {
			isa = PBXGroup;
			children = (
				0F2CECA81FA248F700A1A942 /* Info.plist */,
				0F066C791FA37BB900F713E9 /* WalkThroughPresenterTests.swift */,
				0F066C801FA381E700F713E9 /* TestDoubles */,
				0F066C811FA3847300F713E9 /* SocialSessionUserLoginUseCaseTests.swift */,
			);
			path = FireBaseLoginRegisterTests;
			sourceTree = "<group>";
		};
		0F2CECB01FA248F700A1A942 /* FireBaseLoginRegisterUITests */ = {
			isa = PBXGroup;
			children = (
				0F2CECB11FA248F700A1A942 /* FireBaseLoginRegisterUITests.swift */,
				0F2CECB31FA248F700A1A942 /* Info.plist */,
			);
			path = FireBaseLoginRegisterUITests;
			sourceTree = "<group>";
		};
		0F3BA5421FA3315200297004 /* Core */ = {
			isa = PBXGroup;
			children = (
				0F066C761FA3466E00F713E9 /* Services */,
				0F3BA5BE1FA33A7200297004 /* TextValidator */,
				0F066C751FA345D000F713E9 /* Commons */,
				0F3BA5B71FA339EF00297004 /* ImagePicker */,
				0F3BA59A1FA3333500297004 /* Navigators */,
				0F3BA58D1FA3330900297004 /* Storages */,
				0F3BA5801FA332DC00297004 /* Dependencies */,
				0F3BA5441FA3317C00297004 /* LoginAndRegister */,
			);
			path = Core;
			sourceTree = "<group>";
		};
		0F3BA5431FA3315200297004 /* Views */ = {
			isa = PBXGroup;
			children = (
				0F3BA5AB1FA338B400297004 /* Profile */,
				0F3BA5681FA3329A00297004 /* Session */,
			);
			path = Views;
			sourceTree = "<group>";
		};
		0F3BA5441FA3317C00297004 /* LoginAndRegister */ = {
			isa = PBXGroup;
			children = (
				0F3BA5451FA3317C00297004 /* Providers */,
				0F3BA54C1FA3317C00297004 /* Persistors */,
				0F3BA54E1FA3317C00297004 /* Factories */,
				0F3BA5511FA3317C00297004 /* Model */,
				0F3BA5531FA3317C00297004 /* UseCases */,
			);
			path = LoginAndRegister;
			sourceTree = "<group>";
		};
		0F3BA5451FA3317C00297004 /* Providers */ = {
			isa = PBXGroup;
			children = (
				0F3BA5461FA3317C00297004 /* SessionUserFirebaseProvider.swift */,
				0F3BA5471FA3317C00297004 /* SocialNetworkProvider.swift */,
				0F3BA5481FA3317C00297004 /* FacebookLogoutNetworkProvider.swift */,
				0F3BA5491FA3317C00297004 /* FacebookLoginNetworkProvider.swift */,
				0F3BA54A1FA3317C00297004 /* GoogleLogoutNetworkProvider.swift */,
				0F3BA54B1FA3317C00297004 /* GoogleLoginNetworkProvider.swift */,
				0F4314E51FAC7AEA008704E5 /* SessionLogoutNetworkProvider.swift */,
				0F8BEE0D1FAC886000206403 /* SessionUserNetworkProvider.swift */,
			);
			path = Providers;
			sourceTree = "<group>";
		};
		0F3BA54C1FA3317C00297004 /* Persistors */ = {
			isa = PBXGroup;
			children = (
				0F3BA54D1FA3317C00297004 /* UserSessionPersistor.swift */,
			);
			path = Persistors;
			sourceTree = "<group>";
		};
		0F3BA54E1FA3317C00297004 /* Factories */ = {
			isa = PBXGroup;
			children = (
				0F3BA54F1FA3317C00297004 /* SocialLoginNetworkProviderFactory.swift */,
				0F3BA5501FA3317C00297004 /* SocialLogoutNetworkProviderFactory.swift */,
			);
			path = Factories;
			sourceTree = "<group>";
		};
		0F3BA5511FA3317C00297004 /* Model */ = {
			isa = PBXGroup;
			children = (
				0F3BA5521FA3317C00297004 /* UserSession.swift */,
				0F8BEE0F1FAC893600206403 /* BasicUserParams.swift */,
				0F0833B01FACD99A00A7B5DF /* RegisterSocialRequestModel.swift */,
			);
			path = Model;
			sourceTree = "<group>";
		};
		0F3BA5531FA3317C00297004 /* UseCases */ = {
			isa = PBXGroup;
			children = (
				0F3BA5541FA3317C00297004 /* SessionUserLogOut.swift */,
				0F3BA5551FA3317C00297004 /* LoginUserSession.swift */,
				0F3BA5561FA3317C00297004 /* RegisterUserSession.swift */,
				0F3BA5571FA3317C00297004 /* SessionProtocols.swift */,
				0F3BA5581FA3317C00297004 /* SocialSessionUserLogin.swift */,
			);
			path = UseCases;
			sourceTree = "<group>";
		};
		0F3BA5681FA3329A00297004 /* Session */ = {
			isa = PBXGroup;
			children = (
				0F3BA5691FA3329A00297004 /* Session.storyboard */,
				0F3BA56A1FA3329A00297004 /* Register */,
				0F3BA56C1FA3329A00297004 /* Navigators */,
				0F3BA56F1FA3329A00297004 /* Walkthrough */,
				0F3BA5711FA3329A00297004 /* Presenters */,
				0F3BA5751FA3329A00297004 /* Login */,
			);
			path = Session;
			sourceTree = "<group>";
		};
		0F3BA56A1FA3329A00297004 /* Register */ = {
			isa = PBXGroup;
			children = (
				0F3BA56B1FA3329A00297004 /* RegisterViewController.swift */,
			);
			path = Register;
			sourceTree = "<group>";
		};
		0F3BA56C1FA3329A00297004 /* Navigators */ = {
			isa = PBXGroup;
			children = (
				0F3BA56D1FA3329A00297004 /* WalkthroughNavigator.swift */,
				0F3BA56E1FA3329A00297004 /* RegisterNavigator.swift */,
			);
			path = Navigators;
			sourceTree = "<group>";
		};
		0F3BA56F1FA3329A00297004 /* Walkthrough */ = {
			isa = PBXGroup;
			children = (
				0F3BA5701FA3329A00297004 /* WalkthroughViewController.swift */,
			);
			path = Walkthrough;
			sourceTree = "<group>";
		};
		0F3BA5711FA3329A00297004 /* Presenters */ = {
			isa = PBXGroup;
			children = (
				0F3BA5721FA3329A00297004 /* RegisterPresenter.swift */,
				0F3BA5731FA3329A00297004 /* WalkThroughPresenter.swift */,
				0F3BA5741FA3329A00297004 /* LoginPresenter.swift */,
			);
			path = Presenters;
			sourceTree = "<group>";
		};
		0F3BA5751FA3329A00297004 /* Login */ = {
			isa = PBXGroup;
			children = (
				0F3BA5761FA3329A00297004 /* LoginViewController.swift */,
			);
			path = Login;
			sourceTree = "<group>";
		};
		0F3BA5801FA332DC00297004 /* Dependencies */ = {
			isa = PBXGroup;
			children = (
				0F3BA58B1FA332EB00297004 /* ProfileDependencies.swift */,
				0F3BA5831FA332DC00297004 /* WalkthroughDependencies.swift */,
			);
			path = Dependencies;
			sourceTree = "<group>";
		};
		0F3BA58D1FA3330900297004 /* Storages */ = {
			isa = PBXGroup;
			children = (
				0F3BA58E1FA3330900297004 /* Serializable.swift */,
				0F3BA58F1FA3330900297004 /* Serializer.swift */,
				0F3BA5901FA3330900297004 /* PlistStorageCoordinator.swift */,
				0F3BA5911FA3330900297004 /* StorageCoordinator.swift */,
				0F3BA5921FA3330900297004 /* UserDefaultsStorageCoordinator.swift */,
				0F3BA5931FA3330900297004 /* InMemorySorageCoordinator.swift */,
			);
			path = Storages;
			sourceTree = "<group>";
		};
		0F3BA59A1FA3333500297004 /* Navigators */ = {
			isa = PBXGroup;
			children = (
				0F3BA5A91FA3372200297004 /* RootNavigator.swift */,
				0F3BA59D1FA3333500297004 /* AppRootNavigator.swift */,
			);
			path = Navigators;
			sourceTree = "<group>";
		};
		0F3BA5AB1FA338B400297004 /* Profile */ = {
			isa = PBXGroup;
			children = (
				0F3BA5AC1FA338B400297004 /* Profile.storyboard */,
				0F3BA5AD1FA338B400297004 /* Navigators */,
				0F3BA5AF1FA338B400297004 /* User */,
				0F3BA5B11FA338B400297004 /* Presenters */,
			);
			path = Profile;
			sourceTree = "<group>";
		};
		0F3BA5AD1FA338B400297004 /* Navigators */ = {
			isa = PBXGroup;
			children = (
				0F3BA5AE1FA338B400297004 /* ProfileNavigator.swift */,
			);
			path = Navigators;
			sourceTree = "<group>";
		};
		0F3BA5AF1FA338B400297004 /* User */ = {
			isa = PBXGroup;
			children = (
				0F3BA5B01FA338B400297004 /* ProfileViewController.swift */,
			);
			path = User;
			sourceTree = "<group>";
		};
		0F3BA5B11FA338B400297004 /* Presenters */ = {
			isa = PBXGroup;
			children = (
				0F3BA5B21FA338B400297004 /* ProfilePresenter.swift */,
			);
			path = Presenters;
			sourceTree = "<group>";
		};
		0F3BA5B71FA339EF00297004 /* ImagePicker */ = {
			isa = PBXGroup;
			children = (
			);
			path = ImagePicker;
			sourceTree = "<group>";
		};
		0F3BA5BE1FA33A7200297004 /* TextValidator */ = {
			isa = PBXGroup;
			children = (
				0F3BA5BC1FA33A6800297004 /* TextValidator.swift */,
			);
			path = TextValidator;
			sourceTree = "<group>";
		};
		6191A1B3F31BFDF492FC8A67 /* Pods */ = {
			isa = PBXGroup;
			children = (
				E46B4520282FCFDDC03AE1E0 /* Pods-FireBaseLoginRegister.debug.xcconfig */,
				5C503DADCBD8F3A758CA65B4 /* Pods-FireBaseLoginRegister.release.xcconfig */,
				A4D9541DD0FDB86A6D20450B /* Pods-FireBaseLoginRegisterTests.debug.xcconfig */,
				13FC0083E4B7041EA1E06903 /* Pods-FireBaseLoginRegisterTests.release.xcconfig */,
			);
			name = Pods;
			sourceTree = "<group>";
		};
		D9092C743728BA27CA0AC0AF /* Frameworks */ = {
			isa = PBXGroup;
			children = (
				EEA9E2C4176D5885D1637662 /* Pods_FireBaseLoginRegister.framework */,
				968A2EC07DB534B607F535E8 /* Pods_FireBaseLoginRegisterTests.framework */,
			);
			name = Frameworks;
			sourceTree = "<group>";
		};
/* End PBXGroup section */

/* Begin PBXNativeTarget section */
		0F2CEC8D1FA248F700A1A942 /* FireBaseLoginRegister */ = {
			isa = PBXNativeTarget;
			buildConfigurationList = 0F2CECB61FA248F700A1A942 /* Build configuration list for PBXNativeTarget "FireBaseLoginRegister" */;
			buildPhases = (
				9960B622179BA798F3DF4372 /* [CP] Check Pods Manifest.lock */,
				0F2CEC8A1FA248F700A1A942 /* Sources */,
				0F2CEC8B1FA248F700A1A942 /* Frameworks */,
				0F2CEC8C1FA248F700A1A942 /* Resources */,
				A309BB0AF85C2DF76252091E /* [CP] Embed Pods Frameworks */,
				8C1981D4EDE34EEAE6DD50A4 /* [CP] Copy Pods Resources */,
			);
			buildRules = (
			);
			dependencies = (
			);
			name = FireBaseLoginRegister;
			productName = FireBaseLoginRegister;
			productReference = 0F2CEC8E1FA248F700A1A942 /* FireBaseLoginRegister.app */;
			productType = "com.apple.product-type.application";
		};
		0F2CECA11FA248F700A1A942 /* FireBaseLoginRegisterTests */ = {
			isa = PBXNativeTarget;
			buildConfigurationList = 0F2CECB91FA248F700A1A942 /* Build configuration list for PBXNativeTarget "FireBaseLoginRegisterTests" */;
			buildPhases = (
				C2D52DC0528EFDD85A882269 /* [CP] Check Pods Manifest.lock */,
				0F2CEC9E1FA248F700A1A942 /* Sources */,
				0F2CEC9F1FA248F700A1A942 /* Frameworks */,
				0F2CECA01FA248F700A1A942 /* Resources */,
				5B71D47312B29215BCEE1C8E /* [CP] Embed Pods Frameworks */,
				E1CA4C08DC534AAEE5633100 /* [CP] Copy Pods Resources */,
			);
			buildRules = (
			);
			dependencies = (
				0F2CECA41FA248F700A1A942 /* PBXTargetDependency */,
			);
			name = FireBaseLoginRegisterTests;
			productName = FireBaseLoginRegisterTests;
			productReference = 0F2CECA21FA248F700A1A942 /* FireBaseLoginRegisterTests.xctest */;
			productType = "com.apple.product-type.bundle.unit-test";
		};
		0F2CECAC1FA248F700A1A942 /* FireBaseLoginRegisterUITests */ = {
			isa = PBXNativeTarget;
			buildConfigurationList = 0F2CECBC1FA248F700A1A942 /* Build configuration list for PBXNativeTarget "FireBaseLoginRegisterUITests" */;
			buildPhases = (
				0F2CECA91FA248F700A1A942 /* Sources */,
				0F2CECAA1FA248F700A1A942 /* Frameworks */,
				0F2CECAB1FA248F700A1A942 /* Resources */,
			);
			buildRules = (
			);
			dependencies = (
				0F2CECAF1FA248F700A1A942 /* PBXTargetDependency */,
			);
			name = FireBaseLoginRegisterUITests;
			productName = FireBaseLoginRegisterUITests;
			productReference = 0F2CECAD1FA248F700A1A942 /* FireBaseLoginRegisterUITests.xctest */;
			productType = "com.apple.product-type.bundle.ui-testing";
		};
/* End PBXNativeTarget section */

/* Begin PBXProject section */
		0F2CEC861FA248F600A1A942 /* Project object */ = {
			isa = PBXProject;
			attributes = {
				LastSwiftUpdateCheck = 0900;
				LastUpgradeCheck = 0900;
				ORGANIZATIONNAME = CRS;
				TargetAttributes = {
					0F2CEC8D1FA248F700A1A942 = {
						CreatedOnToolsVersion = 9.0.1;
						ProvisioningStyle = Automatic;
					};
					0F2CECA11FA248F700A1A942 = {
						CreatedOnToolsVersion = 9.0.1;
						ProvisioningStyle = Automatic;
						TestTargetID = 0F2CEC8D1FA248F700A1A942;
					};
					0F2CECAC1FA248F700A1A942 = {
						CreatedOnToolsVersion = 9.0.1;
						ProvisioningStyle = Automatic;
						TestTargetID = 0F2CEC8D1FA248F700A1A942;
					};
				};
			};
			buildConfigurationList = 0F2CEC891FA248F600A1A942 /* Build configuration list for PBXProject "FireBaseLoginRegister" */;
			compatibilityVersion = "Xcode 8.0";
			developmentRegion = en;
			hasScannedForEncodings = 0;
			knownRegions = (
				en,
				Base,
			);
			mainGroup = 0F2CEC851FA248F600A1A942;
			productRefGroup = 0F2CEC8F1FA248F700A1A942 /* Products */;
			projectDirPath = "";
			projectRoot = "";
			targets = (
				0F2CEC8D1FA248F700A1A942 /* FireBaseLoginRegister */,
				0F2CECA11FA248F700A1A942 /* FireBaseLoginRegisterTests */,
				0F2CECAC1FA248F700A1A942 /* FireBaseLoginRegisterUITests */,
			);
		};
/* End PBXProject section */

/* Begin PBXResourcesBuildPhase section */
		0F2CEC8C1FA248F700A1A942 /* Resources */ = {
			isa = PBXResourcesBuildPhase;
			buildActionMask = 2147483647;
			files = (
				0F2CEC9C1FA248F700A1A942 /* LaunchScreen.storyboard in Resources */,
				0F3BA5771FA3329A00297004 /* Session.storyboard in Resources */,
				0F066C741FA3427500F713E9 /* GoogleService-Info.plist in Resources */,
				0F3BA5B31FA338B400297004 /* Profile.storyboard in Resources */,
				0F2CEC991FA248F700A1A942 /* Assets.xcassets in Resources */,
			);
			runOnlyForDeploymentPostprocessing = 0;
		};
		0F2CECA01FA248F700A1A942 /* Resources */ = {
			isa = PBXResourcesBuildPhase;
			buildActionMask = 2147483647;
			files = (
			);
			runOnlyForDeploymentPostprocessing = 0;
		};
		0F2CECAB1FA248F700A1A942 /* Resources */ = {
			isa = PBXResourcesBuildPhase;
			buildActionMask = 2147483647;
			files = (
			);
			runOnlyForDeploymentPostprocessing = 0;
		};
/* End PBXResourcesBuildPhase section */

/* Begin PBXShellScriptBuildPhase section */
		5B71D47312B29215BCEE1C8E /* [CP] Embed Pods Frameworks */ = {
			isa = PBXShellScriptBuildPhase;
			buildActionMask = 2147483647;
			files = (
			);
			inputPaths = (
				"${SRCROOT}/Pods/Target Support Files/Pods-FireBaseLoginRegisterTests/Pods-FireBaseLoginRegisterTests-frameworks.sh",
				"${BUILT_PRODUCTS_DIR}/GTMSessionFetcher-Core/GTMSessionFetcher.framework",
				"${BUILT_PRODUCTS_DIR}/GoogleToolboxForMac/GoogleToolboxForMac.framework",
				"${BUILT_PRODUCTS_DIR}/leveldb-library/leveldb.framework",
				"${BUILT_PRODUCTS_DIR}/nanopb/nanopb.framework",
			);
			name = "[CP] Embed Pods Frameworks";
			outputPaths = (
				"${TARGET_BUILD_DIR}/${FRAMEWORKS_FOLDER_PATH}/GTMSessionFetcher.framework",
				"${TARGET_BUILD_DIR}/${FRAMEWORKS_FOLDER_PATH}/GoogleToolboxForMac.framework",
				"${TARGET_BUILD_DIR}/${FRAMEWORKS_FOLDER_PATH}/leveldb.framework",
				"${TARGET_BUILD_DIR}/${FRAMEWORKS_FOLDER_PATH}/nanopb.framework",
			);
			runOnlyForDeploymentPostprocessing = 0;
			shellPath = /bin/sh;
			shellScript = "\"${SRCROOT}/Pods/Target Support Files/Pods-FireBaseLoginRegisterTests/Pods-FireBaseLoginRegisterTests-frameworks.sh\"\n";
			showEnvVarsInLog = 0;
		};
		8C1981D4EDE34EEAE6DD50A4 /* [CP] Copy Pods Resources */ = {
			isa = PBXShellScriptBuildPhase;
			buildActionMask = 2147483647;
			files = (
			);
			inputPaths = (
				"${SRCROOT}/Pods/Target Support Files/Pods-FireBaseLoginRegister/Pods-FireBaseLoginRegister-resources.sh",
				"${PODS_ROOT}/GoogleSignIn/Resources/GoogleSignIn.bundle",
			);
			name = "[CP] Copy Pods Resources";
			outputPaths = (
				"${TARGET_BUILD_DIR}/${UNLOCALIZED_RESOURCES_FOLDER_PATH}",
			);
			runOnlyForDeploymentPostprocessing = 0;
			shellPath = /bin/sh;
			shellScript = "\"${SRCROOT}/Pods/Target Support Files/Pods-FireBaseLoginRegister/Pods-FireBaseLoginRegister-resources.sh\"\n";
			showEnvVarsInLog = 0;
		};
		9960B622179BA798F3DF4372 /* [CP] Check Pods Manifest.lock */ = {
			isa = PBXShellScriptBuildPhase;
			buildActionMask = 2147483647;
			files = (
			);
			inputPaths = (
				"${PODS_PODFILE_DIR_PATH}/Podfile.lock",
				"${PODS_ROOT}/Manifest.lock",
			);
			name = "[CP] Check Pods Manifest.lock";
			outputPaths = (
				"$(DERIVED_FILE_DIR)/Pods-FireBaseLoginRegister-checkManifestLockResult.txt",
			);
			runOnlyForDeploymentPostprocessing = 0;
			shellPath = /bin/sh;
			shellScript = "diff \"${PODS_PODFILE_DIR_PATH}/Podfile.lock\" \"${PODS_ROOT}/Manifest.lock\" > /dev/null\nif [ $? != 0 ] ; then\n    # print error to STDERR\n    echo \"error: The sandbox is not in sync with the Podfile.lock. Run 'pod install' or update your CocoaPods installation.\" >&2\n    exit 1\nfi\n# This output is used by Xcode 'outputs' to avoid re-running this script phase.\necho \"SUCCESS\" > \"${SCRIPT_OUTPUT_FILE_0}\"\n";
			showEnvVarsInLog = 0;
		};
		A309BB0AF85C2DF76252091E /* [CP] Embed Pods Frameworks */ = {
			isa = PBXShellScriptBuildPhase;
			buildActionMask = 2147483647;
			files = (
			);
			inputPaths = (
				"${SRCROOT}/Pods/Target Support Files/Pods-FireBaseLoginRegister/Pods-FireBaseLoginRegister-frameworks.sh",
				"${BUILT_PRODUCTS_DIR}/Bolts/Bolts.framework",
				"${BUILT_PRODUCTS_DIR}/FBSDKCoreKit/FBSDKCoreKit.framework",
				"${BUILT_PRODUCTS_DIR}/FBSDKLoginKit/FBSDKLoginKit.framework",
				"${BUILT_PRODUCTS_DIR}/FacebookCore/FacebookCore.framework",
				"${BUILT_PRODUCTS_DIR}/FacebookLogin/FacebookLogin.framework",
				"${BUILT_PRODUCTS_DIR}/GTMOAuth2/GTMOAuth2.framework",
				"${BUILT_PRODUCTS_DIR}/GTMSessionFetcher.default-Core/GTMSessionFetcher.framework",
				"${BUILT_PRODUCTS_DIR}/GoogleToolboxForMac/GoogleToolboxForMac.framework",
				"${BUILT_PRODUCTS_DIR}/leveldb-library/leveldb.framework",
				"${BUILT_PRODUCTS_DIR}/nanopb/nanopb.framework",
			);
			name = "[CP] Embed Pods Frameworks";
			outputPaths = (
				"${TARGET_BUILD_DIR}/${FRAMEWORKS_FOLDER_PATH}/Bolts.framework",
				"${TARGET_BUILD_DIR}/${FRAMEWORKS_FOLDER_PATH}/FBSDKCoreKit.framework",
				"${TARGET_BUILD_DIR}/${FRAMEWORKS_FOLDER_PATH}/FBSDKLoginKit.framework",
				"${TARGET_BUILD_DIR}/${FRAMEWORKS_FOLDER_PATH}/FacebookCore.framework",
				"${TARGET_BUILD_DIR}/${FRAMEWORKS_FOLDER_PATH}/FacebookLogin.framework",
				"${TARGET_BUILD_DIR}/${FRAMEWORKS_FOLDER_PATH}/GTMOAuth2.framework",
				"${TARGET_BUILD_DIR}/${FRAMEWORKS_FOLDER_PATH}/GTMSessionFetcher.framework",
				"${TARGET_BUILD_DIR}/${FRAMEWORKS_FOLDER_PATH}/GoogleToolboxForMac.framework",
				"${TARGET_BUILD_DIR}/${FRAMEWORKS_FOLDER_PATH}/leveldb.framework",
				"${TARGET_BUILD_DIR}/${FRAMEWORKS_FOLDER_PATH}/nanopb.framework",
			);
			runOnlyForDeploymentPostprocessing = 0;
			shellPath = /bin/sh;
			shellScript = "\"${SRCROOT}/Pods/Target Support Files/Pods-FireBaseLoginRegister/Pods-FireBaseLoginRegister-frameworks.sh\"\n";
			showEnvVarsInLog = 0;
		};
		C2D52DC0528EFDD85A882269 /* [CP] Check Pods Manifest.lock */ = {
			isa = PBXShellScriptBuildPhase;
			buildActionMask = 2147483647;
			files = (
			);
			inputPaths = (
				"${PODS_PODFILE_DIR_PATH}/Podfile.lock",
				"${PODS_ROOT}/Manifest.lock",
			);
			name = "[CP] Check Pods Manifest.lock";
			outputPaths = (
				"$(DERIVED_FILE_DIR)/Pods-FireBaseLoginRegisterTests-checkManifestLockResult.txt",
			);
			runOnlyForDeploymentPostprocessing = 0;
			shellPath = /bin/sh;
			shellScript = "diff \"${PODS_PODFILE_DIR_PATH}/Podfile.lock\" \"${PODS_ROOT}/Manifest.lock\" > /dev/null\nif [ $? != 0 ] ; then\n    # print error to STDERR\n    echo \"error: The sandbox is not in sync with the Podfile.lock. Run 'pod install' or update your CocoaPods installation.\" >&2\n    exit 1\nfi\n# This output is used by Xcode 'outputs' to avoid re-running this script phase.\necho \"SUCCESS\" > \"${SCRIPT_OUTPUT_FILE_0}\"\n";
			showEnvVarsInLog = 0;
		};
		E1CA4C08DC534AAEE5633100 /* [CP] Copy Pods Resources */ = {
			isa = PBXShellScriptBuildPhase;
			buildActionMask = 2147483647;
			files = (
			);
			inputPaths = (
			);
			name = "[CP] Copy Pods Resources";
			outputPaths = (
			);
			runOnlyForDeploymentPostprocessing = 0;
			shellPath = /bin/sh;
			shellScript = "\"${SRCROOT}/Pods/Target Support Files/Pods-FireBaseLoginRegisterTests/Pods-FireBaseLoginRegisterTests-resources.sh\"\n";
			showEnvVarsInLog = 0;
		};
/* End PBXShellScriptBuildPhase section */

/* Begin PBXSourcesBuildPhase section */
		0F2CEC8A1FA248F700A1A942 /* Sources */ = {
			isa = PBXSourcesBuildPhase;
			buildActionMask = 2147483647;
			files = (
				0F3BA5941FA3330900297004 /* Serializable.swift in Sources */,
				0F3BA5AA1FA3372200297004 /* RootNavigator.swift in Sources */,
				0F3BA57E1FA3329A00297004 /* LoginPresenter.swift in Sources */,
				0F2CEC941FA248F700A1A942 /* ViewController.swift in Sources */,
				0F3BA55C1FA3317C00297004 /* FacebookLoginNetworkProvider.swift in Sources */,
				0F3BA5A41FA3333500297004 /* AppRootNavigator.swift in Sources */,
				0F3BA55B1FA3317C00297004 /* FacebookLogoutNetworkProvider.swift in Sources */,
				0F3BA57C1FA3329A00297004 /* RegisterPresenter.swift in Sources */,
				0F3BA5621FA3317C00297004 /* UserSession.swift in Sources */,
				0F3BA5601FA3317C00297004 /* SocialLoginNetworkProviderFactory.swift in Sources */,
				0F2CEC921FA248F700A1A942 /* AppDelegate.swift in Sources */,
				0F3BA5631FA3317C00297004 /* SessionUserLogOut.swift in Sources */,
				0F3BA5671FA3317C00297004 /* SocialSessionUserLogin.swift in Sources */,
				0F8BEE101FAC893600206403 /* BasicUserParams.swift in Sources */,
				0F3BA5611FA3317C00297004 /* SocialLogoutNetworkProviderFactory.swift in Sources */,
				0F3BA5781FA3329A00297004 /* RegisterViewController.swift in Sources */,
				0F3BA5961FA3330900297004 /* PlistStorageCoordinator.swift in Sources */,
				0F3BA5B41FA338B400297004 /* ProfileNavigator.swift in Sources */,
				0F3BA57A1FA3329A00297004 /* RegisterNavigator.swift in Sources */,
				0F3BA5951FA3330900297004 /* Serializer.swift in Sources */,
				0F3BA57F1FA3329A00297004 /* LoginViewController.swift in Sources */,
				0F3BA55E1FA3317C00297004 /* GoogleLoginNetworkProvider.swift in Sources */,
				0F3BA55D1FA3317C00297004 /* GoogleLogoutNetworkProvider.swift in Sources */,
				0F3BA5661FA3317C00297004 /* SessionProtocols.swift in Sources */,
				0F066C721FA33D9600F713E9 /* Optional.swift in Sources */,
				0F066C781FA3469F00F713E9 /* LogoutListService.swift in Sources */,
				0F3BA5BD1FA33A6800297004 /* TextValidator.swift in Sources */,
				0F3BA5791FA3329A00297004 /* WalkthroughNavigator.swift in Sources */,
				0F3BA5C01FA33AEF00297004 /* NotificationNames.swift in Sources */,
				0F3BA57B1FA3329A00297004 /* WalkthroughViewController.swift in Sources */,
				0F3BA55A1FA3317C00297004 /* SocialNetworkProvider.swift in Sources */,
				0F3BA5641FA3317C00297004 /* LoginUserSession.swift in Sources */,
				0F3BA5B51FA338B400297004 /* ProfileViewController.swift in Sources */,
				0F3BA5651FA3317C00297004 /* RegisterUserSession.swift in Sources */,
				0F0833B11FACD99A00A7B5DF /* RegisterSocialRequestModel.swift in Sources */,
				0F3BA5881FA332DC00297004 /* WalkthroughDependencies.swift in Sources */,
				0F3BA58C1FA332EB00297004 /* ProfileDependencies.swift in Sources */,
				0F3BA5591FA3317C00297004 /* SessionUserFirebaseProvider.swift in Sources */,
				0F3BA55F1FA3317C00297004 /* UserSessionPersistor.swift in Sources */,
				0F8BEE0C1FAC882900206403 /* Result.swift in Sources */,
				0F8BEE0E1FAC886000206403 /* SessionUserNetworkProvider.swift in Sources */,
				0F3BA5BA1FA33A5900297004 /* FormErrorProtocol.swift in Sources */,
				0F4314E61FAC7AEA008704E5 /* SessionLogoutNetworkProvider.swift in Sources */,
				0F3BA5BB1FA33A5900297004 /* Presenter.swift in Sources */,
				0F3BA5991FA3330900297004 /* InMemorySorageCoordinator.swift in Sources */,
				0F3BA57D1FA3329A00297004 /* WalkThroughPresenter.swift in Sources */,
				0F066C701FA33C7500F713E9 /* Dependencies.swift in Sources */,
				0F3BA5971FA3330900297004 /* StorageCoordinator.swift in Sources */,
				0F3BA5981FA3330900297004 /* UserDefaultsStorageCoordinator.swift in Sources */,
				0F3BA5B61FA338B400297004 /* ProfilePresenter.swift in Sources */,
			);
			runOnlyForDeploymentPostprocessing = 0;
		};
		0F2CEC9E1FA248F700A1A942 /* Sources */ = {
			isa = PBXSourcesBuildPhase;
			buildActionMask = 2147483647;
			files = (
				0F066C7D1FA37F1A00F713E9 /* StubWalkthroughNavigator.swift in Sources */,
				0F67D9CA1FACF27900A2A4F3 /* MockNotificationCenter.swift in Sources */,
				0F066C8A1FA38AB700F713E9 /* MokUserSessionPersistor.swift in Sources */,
				0F066C7A1FA37BB900F713E9 /* WalkThroughPresenterTests.swift in Sources */,
				0F066C821FA3847300F713E9 /* SocialSessionUserLoginUseCaseTests.swift in Sources */,
				0F066C7F1FA380D700F713E9 /* StubSocialSessionUserLoginUseCase.swift in Sources */,
				0F066C861FA3869100F713E9 /* StubSocialLoginNetworkProviderFactory.swift in Sources */,
				0F066C881FA38A9000F713E9 /* MockSessionUserNetworkProvider.swift in Sources */,
			);
			runOnlyForDeploymentPostprocessing = 0;
		};
		0F2CECA91FA248F700A1A942 /* Sources */ = {
			isa = PBXSourcesBuildPhase;
			buildActionMask = 2147483647;
			files = (
				0F2CECB21FA248F700A1A942 /* FireBaseLoginRegisterUITests.swift in Sources */,
			);
			runOnlyForDeploymentPostprocessing = 0;
		};
/* End PBXSourcesBuildPhase section */

/* Begin PBXTargetDependency section */
		0F2CECA41FA248F700A1A942 /* PBXTargetDependency */ = {
			isa = PBXTargetDependency;
			target = 0F2CEC8D1FA248F700A1A942 /* FireBaseLoginRegister */;
			targetProxy = 0F2CECA31FA248F700A1A942 /* PBXContainerItemProxy */;
		};
		0F2CECAF1FA248F700A1A942 /* PBXTargetDependency */ = {
			isa = PBXTargetDependency;
			target = 0F2CEC8D1FA248F700A1A942 /* FireBaseLoginRegister */;
			targetProxy = 0F2CECAE1FA248F700A1A942 /* PBXContainerItemProxy */;
		};
/* End PBXTargetDependency section */

/* Begin PBXVariantGroup section */
		0F2CEC9A1FA248F700A1A942 /* LaunchScreen.storyboard */ = {
			isa = PBXVariantGroup;
			children = (
				0F2CEC9B1FA248F700A1A942 /* Base */,
			);
			name = LaunchScreen.storyboard;
			sourceTree = "<group>";
		};
/* End PBXVariantGroup section */

/* Begin XCBuildConfiguration section */
		0F2CECB41FA248F700A1A942 /* Debug */ = {
			isa = XCBuildConfiguration;
			buildSettings = {
				ALWAYS_SEARCH_USER_PATHS = NO;
				CLANG_ANALYZER_NONNULL = YES;
				CLANG_ANALYZER_NUMBER_OBJECT_CONVERSION = YES_AGGRESSIVE;
				CLANG_CXX_LANGUAGE_STANDARD = "gnu++14";
				CLANG_CXX_LIBRARY = "libc++";
				CLANG_ENABLE_MODULES = YES;
				CLANG_ENABLE_OBJC_ARC = YES;
				CLANG_WARN_BLOCK_CAPTURE_AUTORELEASING = YES;
				CLANG_WARN_BOOL_CONVERSION = YES;
				CLANG_WARN_COMMA = YES;
				CLANG_WARN_CONSTANT_CONVERSION = YES;
				CLANG_WARN_DIRECT_OBJC_ISA_USAGE = YES_ERROR;
				CLANG_WARN_DOCUMENTATION_COMMENTS = YES;
				CLANG_WARN_EMPTY_BODY = YES;
				CLANG_WARN_ENUM_CONVERSION = YES;
				CLANG_WARN_INFINITE_RECURSION = YES;
				CLANG_WARN_INT_CONVERSION = YES;
				CLANG_WARN_NON_LITERAL_NULL_CONVERSION = YES;
				CLANG_WARN_OBJC_LITERAL_CONVERSION = YES;
				CLANG_WARN_OBJC_ROOT_CLASS = YES_ERROR;
				CLANG_WARN_RANGE_LOOP_ANALYSIS = YES;
				CLANG_WARN_STRICT_PROTOTYPES = YES;
				CLANG_WARN_SUSPICIOUS_MOVE = YES;
				CLANG_WARN_UNGUARDED_AVAILABILITY = YES_AGGRESSIVE;
				CLANG_WARN_UNREACHABLE_CODE = YES;
				CLANG_WARN__DUPLICATE_METHOD_MATCH = YES;
				CODE_SIGN_IDENTITY = "iPhone Developer";
				COPY_PHASE_STRIP = NO;
				DEBUG_INFORMATION_FORMAT = dwarf;
				ENABLE_STRICT_OBJC_MSGSEND = YES;
				ENABLE_TESTABILITY = YES;
				GCC_C_LANGUAGE_STANDARD = gnu11;
				GCC_DYNAMIC_NO_PIC = NO;
				GCC_NO_COMMON_BLOCKS = YES;
				GCC_OPTIMIZATION_LEVEL = 0;
				GCC_PREPROCESSOR_DEFINITIONS = (
					"DEBUG=1",
					"$(inherited)",
				);
				GCC_WARN_64_TO_32_BIT_CONVERSION = YES;
				GCC_WARN_ABOUT_RETURN_TYPE = YES_ERROR;
				GCC_WARN_UNDECLARED_SELECTOR = YES;
				GCC_WARN_UNINITIALIZED_AUTOS = YES_AGGRESSIVE;
				GCC_WARN_UNUSED_FUNCTION = YES;
				GCC_WARN_UNUSED_VARIABLE = YES;
				IPHONEOS_DEPLOYMENT_TARGET = 11.0;
				MTL_ENABLE_DEBUG_INFO = YES;
				ONLY_ACTIVE_ARCH = YES;
				SDKROOT = iphoneos;
				SWIFT_ACTIVE_COMPILATION_CONDITIONS = DEBUG;
				SWIFT_OPTIMIZATION_LEVEL = "-Onone";
			};
			name = Debug;
		};
		0F2CECB51FA248F700A1A942 /* Release */ = {
			isa = XCBuildConfiguration;
			buildSettings = {
				ALWAYS_SEARCH_USER_PATHS = NO;
				CLANG_ANALYZER_NONNULL = YES;
				CLANG_ANALYZER_NUMBER_OBJECT_CONVERSION = YES_AGGRESSIVE;
				CLANG_CXX_LANGUAGE_STANDARD = "gnu++14";
				CLANG_CXX_LIBRARY = "libc++";
				CLANG_ENABLE_MODULES = YES;
				CLANG_ENABLE_OBJC_ARC = YES;
				CLANG_WARN_BLOCK_CAPTURE_AUTORELEASING = YES;
				CLANG_WARN_BOOL_CONVERSION = YES;
				CLANG_WARN_COMMA = YES;
				CLANG_WARN_CONSTANT_CONVERSION = YES;
				CLANG_WARN_DIRECT_OBJC_ISA_USAGE = YES_ERROR;
				CLANG_WARN_DOCUMENTATION_COMMENTS = YES;
				CLANG_WARN_EMPTY_BODY = YES;
				CLANG_WARN_ENUM_CONVERSION = YES;
				CLANG_WARN_INFINITE_RECURSION = YES;
				CLANG_WARN_INT_CONVERSION = YES;
				CLANG_WARN_NON_LITERAL_NULL_CONVERSION = YES;
				CLANG_WARN_OBJC_LITERAL_CONVERSION = YES;
				CLANG_WARN_OBJC_ROOT_CLASS = YES_ERROR;
				CLANG_WARN_RANGE_LOOP_ANALYSIS = YES;
				CLANG_WARN_STRICT_PROTOTYPES = YES;
				CLANG_WARN_SUSPICIOUS_MOVE = YES;
				CLANG_WARN_UNGUARDED_AVAILABILITY = YES_AGGRESSIVE;
				CLANG_WARN_UNREACHABLE_CODE = YES;
				CLANG_WARN__DUPLICATE_METHOD_MATCH = YES;
				CODE_SIGN_IDENTITY = "iPhone Developer";
				COPY_PHASE_STRIP = NO;
				DEBUG_INFORMATION_FORMAT = "dwarf-with-dsym";
				ENABLE_NS_ASSERTIONS = NO;
				ENABLE_STRICT_OBJC_MSGSEND = YES;
				GCC_C_LANGUAGE_STANDARD = gnu11;
				GCC_NO_COMMON_BLOCKS = YES;
				GCC_WARN_64_TO_32_BIT_CONVERSION = YES;
				GCC_WARN_ABOUT_RETURN_TYPE = YES_ERROR;
				GCC_WARN_UNDECLARED_SELECTOR = YES;
				GCC_WARN_UNINITIALIZED_AUTOS = YES_AGGRESSIVE;
				GCC_WARN_UNUSED_FUNCTION = YES;
				GCC_WARN_UNUSED_VARIABLE = YES;
				IPHONEOS_DEPLOYMENT_TARGET = 11.0;
				MTL_ENABLE_DEBUG_INFO = NO;
				SDKROOT = iphoneos;
				SWIFT_OPTIMIZATION_LEVEL = "-Owholemodule";
				VALIDATE_PRODUCT = YES;
			};
			name = Release;
		};
		0F2CECB71FA248F700A1A942 /* Debug */ = {
			isa = XCBuildConfiguration;
			baseConfigurationReference = E46B4520282FCFDDC03AE1E0 /* Pods-FireBaseLoginRegister.debug.xcconfig */;
			buildSettings = {
				ASSETCATALOG_COMPILER_APPICON_NAME = AppIcon;
				CODE_SIGN_STYLE = Automatic;
				DEVELOPMENT_TEAM = CEZH3Q8957;
				INFOPLIST_FILE = FireBaseLoginRegister/Info.plist;
				LD_RUNPATH_SEARCH_PATHS = "$(inherited) @executable_path/Frameworks";
				PRODUCT_BUNDLE_IDENTIFIER = com.crs.FireBaseLoginRegister;
				PRODUCT_NAME = "$(TARGET_NAME)";
				SWIFT_VERSION = 4.0;
				TARGETED_DEVICE_FAMILY = "1,2";
			};
			name = Debug;
		};
		0F2CECB81FA248F700A1A942 /* Release */ = {
			isa = XCBuildConfiguration;
			baseConfigurationReference = 5C503DADCBD8F3A758CA65B4 /* Pods-FireBaseLoginRegister.release.xcconfig */;
			buildSettings = {
				ASSETCATALOG_COMPILER_APPICON_NAME = AppIcon;
				CODE_SIGN_STYLE = Automatic;
				DEVELOPMENT_TEAM = CEZH3Q8957;
				INFOPLIST_FILE = FireBaseLoginRegister/Info.plist;
				LD_RUNPATH_SEARCH_PATHS = "$(inherited) @executable_path/Frameworks";
				PRODUCT_BUNDLE_IDENTIFIER = com.crs.FireBaseLoginRegister;
				PRODUCT_NAME = "$(TARGET_NAME)";
				SWIFT_VERSION = 4.0;
				TARGETED_DEVICE_FAMILY = "1,2";
			};
			name = Release;
		};
		0F2CECBA1FA248F700A1A942 /* Debug */ = {
			isa = XCBuildConfiguration;
			baseConfigurationReference = A4D9541DD0FDB86A6D20450B /* Pods-FireBaseLoginRegisterTests.debug.xcconfig */;
			buildSettings = {
				ALWAYS_EMBED_SWIFT_STANDARD_LIBRARIES = YES;
				BUNDLE_LOADER = "$(TEST_HOST)";
				CODE_SIGN_STYLE = Automatic;
				DEVELOPMENT_TEAM = CEZH3Q8957;
				INFOPLIST_FILE = FireBaseLoginRegisterTests/Info.plist;
				LD_RUNPATH_SEARCH_PATHS = "$(inherited) @executable_path/Frameworks @loader_path/Frameworks";
				PRODUCT_BUNDLE_IDENTIFIER = com.crs.FireBaseLoginRegisterTests;
				PRODUCT_NAME = "$(TARGET_NAME)";
				SWIFT_VERSION = 4.0;
				TARGETED_DEVICE_FAMILY = "1,2";
				TEST_HOST = "$(BUILT_PRODUCTS_DIR)/FireBaseLoginRegister.app/FireBaseLoginRegister";
			};
			name = Debug;
		};
		0F2CECBB1FA248F700A1A942 /* Release */ = {
			isa = XCBuildConfiguration;
			baseConfigurationReference = 13FC0083E4B7041EA1E06903 /* Pods-FireBaseLoginRegisterTests.release.xcconfig */;
			buildSettings = {
				ALWAYS_EMBED_SWIFT_STANDARD_LIBRARIES = YES;
				BUNDLE_LOADER = "$(TEST_HOST)";
				CODE_SIGN_STYLE = Automatic;
				DEVELOPMENT_TEAM = CEZH3Q8957;
				INFOPLIST_FILE = FireBaseLoginRegisterTests/Info.plist;
				LD_RUNPATH_SEARCH_PATHS = "$(inherited) @executable_path/Frameworks @loader_path/Frameworks";
				PRODUCT_BUNDLE_IDENTIFIER = com.crs.FireBaseLoginRegisterTests;
				PRODUCT_NAME = "$(TARGET_NAME)";
				SWIFT_VERSION = 4.0;
				TARGETED_DEVICE_FAMILY = "1,2";
				TEST_HOST = "$(BUILT_PRODUCTS_DIR)/FireBaseLoginRegister.app/FireBaseLoginRegister";
			};
			name = Release;
		};
		0F2CECBD1FA248F700A1A942 /* Debug */ = {
			isa = XCBuildConfiguration;
			buildSettings = {
				ALWAYS_EMBED_SWIFT_STANDARD_LIBRARIES = YES;
				CODE_SIGN_STYLE = Automatic;
				DEVELOPMENT_TEAM = CEZH3Q8957;
				INFOPLIST_FILE = FireBaseLoginRegisterUITests/Info.plist;
				LD_RUNPATH_SEARCH_PATHS = "$(inherited) @executable_path/Frameworks @loader_path/Frameworks";
				PRODUCT_BUNDLE_IDENTIFIER = com.crs.FireBaseLoginRegisterUITests;
				PRODUCT_NAME = "$(TARGET_NAME)";
				SWIFT_VERSION = 4.0;
				TARGETED_DEVICE_FAMILY = "1,2";
				TEST_TARGET_NAME = FireBaseLoginRegister;
			};
			name = Debug;
		};
		0F2CECBE1FA248F700A1A942 /* Release */ = {
			isa = XCBuildConfiguration;
			buildSettings = {
				ALWAYS_EMBED_SWIFT_STANDARD_LIBRARIES = YES;
				CODE_SIGN_STYLE = Automatic;
				DEVELOPMENT_TEAM = CEZH3Q8957;
				INFOPLIST_FILE = FireBaseLoginRegisterUITests/Info.plist;
				LD_RUNPATH_SEARCH_PATHS = "$(inherited) @executable_path/Frameworks @loader_path/Frameworks";
				PRODUCT_BUNDLE_IDENTIFIER = com.crs.FireBaseLoginRegisterUITests;
				PRODUCT_NAME = "$(TARGET_NAME)";
				SWIFT_VERSION = 4.0;
				TARGETED_DEVICE_FAMILY = "1,2";
				TEST_TARGET_NAME = FireBaseLoginRegister;
			};
			name = Release;
		};
/* End XCBuildConfiguration section */

/* Begin XCConfigurationList section */
		0F2CEC891FA248F600A1A942 /* Build configuration list for PBXProject "FireBaseLoginRegister" */ = {
			isa = XCConfigurationList;
			buildConfigurations = (
				0F2CECB41FA248F700A1A942 /* Debug */,
				0F2CECB51FA248F700A1A942 /* Release */,
			);
			defaultConfigurationIsVisible = 0;
			defaultConfigurationName = Release;
		};
		0F2CECB61FA248F700A1A942 /* Build configuration list for PBXNativeTarget "FireBaseLoginRegister" */ = {
			isa = XCConfigurationList;
			buildConfigurations = (
				0F2CECB71FA248F700A1A942 /* Debug */,
				0F2CECB81FA248F700A1A942 /* Release */,
			);
			defaultConfigurationIsVisible = 0;
			defaultConfigurationName = Release;
		};
		0F2CECB91FA248F700A1A942 /* Build configuration list for PBXNativeTarget "FireBaseLoginRegisterTests" */ = {
			isa = XCConfigurationList;
			buildConfigurations = (
				0F2CECBA1FA248F700A1A942 /* Debug */,
				0F2CECBB1FA248F700A1A942 /* Release */,
			);
			defaultConfigurationIsVisible = 0;
			defaultConfigurationName = Release;
		};
		0F2CECBC1FA248F700A1A942 /* Build configuration list for PBXNativeTarget "FireBaseLoginRegisterUITests" */ = {
			isa = XCConfigurationList;
			buildConfigurations = (
				0F2CECBD1FA248F700A1A942 /* Debug */,
				0F2CECBE1FA248F700A1A942 /* Release */,
			);
			defaultConfigurationIsVisible = 0;
			defaultConfigurationName = Release;
		};
/* End XCConfigurationList section */
	};
	rootObject = 0F2CEC861FA248F600A1A942 /* Project object */;
}
